# Coverage manifest. Generated by `tools/gen_ros_recipes.py --distro kilted --lock`.
# Do not edit by hand: edit distro.yaml and regenerate.
#
# One line per package the granular recipes cover, with the version the pinned rosdistro
# releases and how it is built. Adding a root package shows up here as every transitive
# dependency it pulls in, which is what makes the PR reviewable.

distro: kilted
rosdistro_tag: kilted/2026-06-17
conan_user: ros-kilted
requested_packages: [desktop, perception, navigation2]

packages:
  action_msgs: {version: 2.3.2, build_type: ament_cmake}
  action_tutorials_cpp: {version: 0.36.5, build_type: ament_cmake}
  action_tutorials_py: {version: 0.36.5, build_type: ament_python}
  actionlib_msgs: {version: 5.5.2, build_type: ament_cmake}
  ament_cmake: {version: 2.7.5, build_type: ament_cmake}
  ament_cmake_auto: {version: 2.7.5, build_type: ament_cmake}
  ament_cmake_core: {version: 2.7.5, build_type: ament_cmake}
  ament_cmake_export_definitions: {version: 2.7.5, build_type: ament_cmake}
  ament_cmake_export_dependencies: {version: 2.7.5, build_type: ament_cmake}
  ament_cmake_export_include_directories: {version: 2.7.5, build_type: ament_cmake}
  ament_cmake_export_interfaces: {version: 2.7.5, build_type: ament_cmake}
  ament_cmake_export_libraries: {version: 2.7.5, build_type: ament_cmake}
  ament_cmake_export_link_flags: {version: 2.7.5, build_type: ament_cmake}
  ament_cmake_export_targets: {version: 2.7.5, build_type: ament_cmake}
  ament_cmake_gen_version_h: {version: 2.7.5, build_type: ament_cmake}
  ament_cmake_gmock: {version: 2.7.5, build_type: ament_cmake}
  ament_cmake_gtest: {version: 2.7.5, build_type: ament_cmake}
  ament_cmake_include_directories: {version: 2.7.5, build_type: ament_cmake}
  ament_cmake_libraries: {version: 2.7.5, build_type: ament_cmake}
  ament_cmake_pytest: {version: 2.7.5, build_type: ament_cmake}
  ament_cmake_python: {version: 2.7.5, build_type: ament_cmake}
  ament_cmake_ros: {version: 0.14.7, build_type: ament_cmake}
  ament_cmake_ros_core: {version: 0.14.7, build_type: ament_cmake}
  ament_cmake_target_dependencies: {version: 2.7.5, build_type: ament_cmake}
  ament_cmake_test: {version: 2.7.5, build_type: ament_cmake}
  ament_cmake_vendor_package: {version: 2.7.5, build_type: ament_cmake}
  ament_cmake_version: {version: 2.7.5, build_type: ament_cmake}
  ament_copyright: {version: 0.19.3, build_type: ament_python}
  ament_index_cpp: {version: 1.11.4, build_type: ament_cmake}
  ament_index_python: {version: 1.11.4, build_type: ament_python}
  ament_lint: {version: 0.19.3, build_type: ament_python}
  ament_package: {version: 0.17.3, build_type: ament_python}
  angles: {version: 1.16.1, build_type: ament_cmake}
  backward_ros: {version: 1.0.8, build_type: cmake}
  behaviortree_cpp: {version: 4.9.0, build_type: ament_cmake}
  bond: {version: 4.3.0, build_type: ament_cmake}
  bondcpp: {version: 4.3.0, build_type: ament_cmake}
  builtin_interfaces: {version: 2.3.2, build_type: ament_cmake}
  camera_calibration_parsers: {version: 6.1.4, build_type: ament_cmake}
  camera_info_manager: {version: 6.1.4, build_type: ament_cmake}
  class_loader: {version: 2.8.1, build_type: ament_cmake}
  common_interfaces: {version: 5.5.2, build_type: ament_cmake}
  composition: {version: 0.36.5, build_type: ament_cmake}
  composition_interfaces: {version: 2.3.2, build_type: ament_cmake}
  compressed_depth_image_transport: {version: 5.1.2, build_type: ament_cmake}
  compressed_image_transport: {version: 5.1.2, build_type: ament_cmake}
  console_bridge_vendor: {version: 1.8.0, build_type: ament_cmake}
  costmap_queue: {version: 1.4.2, build_type: ament_cmake}
  cv_bridge: {version: 4.1.0, build_type: ament_cmake}
  demo_nodes_cpp: {version: 0.36.5, build_type: ament_cmake}
  demo_nodes_cpp_native: {version: 0.36.5, build_type: ament_cmake}
  demo_nodes_py: {version: 0.36.5, build_type: ament_python}
  depth_image_proc: {version: 6.0.12, build_type: ament_cmake}
  depthimage_to_laserscan: {version: 2.5.1, build_type: ament_cmake}
  desktop: {version: 0.12.0, build_type: ament_cmake}
  diagnostic_msgs: {version: 5.5.2, build_type: ament_cmake}
  diagnostic_updater: {version: 4.3.7, build_type: ament_cmake}
  dummy_map_server: {version: 0.36.5, build_type: ament_cmake}
  dummy_robot_bringup: {version: 0.36.5, build_type: ament_cmake}
  dummy_sensors: {version: 0.36.5, build_type: ament_cmake}
  dwb_core: {version: 1.4.2, build_type: ament_cmake}
  dwb_critics: {version: 1.4.2, build_type: ament_cmake}
  dwb_msgs: {version: 1.4.2, build_type: ament_cmake}
  dwb_plugins: {version: 1.4.2, build_type: ament_cmake}
  eigen3_cmake_module: {version: 0.4.0, build_type: ament_cmake}
  example_interfaces: {version: 0.13.1, build_type: ament_cmake}
  examples_rclcpp_minimal_action_client: {version: 0.20.6, build_type: ament_cmake}
  examples_rclcpp_minimal_action_server: {version: 0.20.6, build_type: ament_cmake}
  examples_rclcpp_minimal_client: {version: 0.20.6, build_type: ament_cmake}
  examples_rclcpp_minimal_composition: {version: 0.20.6, build_type: ament_cmake}
  examples_rclcpp_minimal_publisher: {version: 0.20.6, build_type: ament_cmake}
  examples_rclcpp_minimal_service: {version: 0.20.6, build_type: ament_cmake}
  examples_rclcpp_minimal_subscriber: {version: 0.20.6, build_type: ament_cmake}
  examples_rclcpp_minimal_timer: {version: 0.20.6, build_type: ament_cmake}
  examples_rclcpp_multithreaded_executor: {version: 0.20.6, build_type: ament_cmake}
  examples_rclpy_executors: {version: 0.20.6, build_type: ament_python}
  examples_rclpy_minimal_action_client: {version: 0.20.6, build_type: ament_python}
  examples_rclpy_minimal_action_server: {version: 0.20.6, build_type: ament_python}
  examples_rclpy_minimal_client: {version: 0.20.6, build_type: ament_python}
  examples_rclpy_minimal_publisher: {version: 0.20.6, build_type: ament_python}
  examples_rclpy_minimal_service: {version: 0.20.6, build_type: ament_python}
  examples_rclpy_minimal_subscriber: {version: 0.20.6, build_type: ament_python}
  fastcdr: {version: 2.3.6, build_type: cmake}
  fastdds: {version: 3.2.4, build_type: cmake}
  filters: {version: 2.2.2, build_type: ament_cmake}
  foonathan_memory_vendor: {version: 1.3.1, build_type: cmake}
  geographic_msgs: {version: 1.0.6, build_type: ament_cmake}
  geometry2: {version: 0.41.7, build_type: ament_cmake}
  geometry_msgs: {version: 5.5.2, build_type: ament_cmake}
  gmock_vendor: {version: 1.15.1, build_type: cmake}
  gtest_vendor: {version: 1.15.1, build_type: cmake}
  gz_cmake_vendor: {version: 0.3.3, build_type: ament_cmake}
  gz_math_vendor: {version: 0.2.7, build_type: ament_cmake}
  gz_utils_vendor: {version: 0.2.2, build_type: ament_cmake}
  image_common: {version: 6.1.4, build_type: ament_cmake}
  image_geometry: {version: 4.1.0, build_type: ament_cmake}
  image_pipeline: {version: 6.0.12, build_type: ament_cmake}
  image_proc: {version: 6.0.12, build_type: ament_cmake}
  image_publisher: {version: 6.0.12, build_type: ament_cmake}
  image_rotate: {version: 6.0.12, build_type: ament_cmake}
  image_tools: {version: 0.36.5, build_type: ament_cmake}
  image_transport: {version: 6.1.4, build_type: ament_cmake}
  image_transport_plugins: {version: 5.1.2, build_type: ament_cmake}
  image_view: {version: 6.0.12, build_type: ament_cmake}
  interactive_markers: {version: 2.7.1, build_type: ament_cmake}
  intra_process_demo: {version: 0.36.5, build_type: ament_cmake}
  joy: {version: 3.3.0, build_type: ament_cmake}
  kdl_parser: {version: 2.12.1, build_type: ament_cmake}
  keyboard_handler: {version: 0.4.0, build_type: ament_cmake}
  laser_filters: {version: 2.2.3, build_type: ament_cmake}
  laser_geometry: {version: 2.10.2, build_type: ament_cmake}
  launch: {version: 3.8.7, build_type: ament_python}
  launch_ros: {version: 0.28.5, build_type: ament_python}
  launch_testing: {version: 3.8.7, build_type: ament_python}
  launch_testing_ament_cmake: {version: 3.8.7, build_type: ament_cmake}
  launch_testing_ros: {version: 0.28.5, build_type: ament_python}
  launch_xml: {version: 3.8.7, build_type: ament_python}
  launch_yaml: {version: 3.8.7, build_type: ament_python}
  libcurl_vendor: {version: 3.7.1, build_type: ament_cmake}
  liblz4_vendor: {version: 0.32.0, build_type: ament_cmake}
  libstatistics_collector: {version: 2.0.1, build_type: ament_cmake}
  libyaml_vendor: {version: 1.7.1, build_type: ament_cmake}
  lifecycle: {version: 0.36.5, build_type: ament_cmake}
  lifecycle_msgs: {version: 2.3.2, build_type: ament_cmake}
  logging_demo: {version: 0.36.5, build_type: ament_cmake}
  map_msgs: {version: 2.5.0, build_type: ament_cmake}
  mcap_vendor: {version: 0.32.0, build_type: ament_cmake}
  message_filters: {version: 7.1.10, build_type: ament_cmake}
  nav2_amcl: {version: 1.4.2, build_type: ament_cmake}
  nav2_behavior_tree: {version: 1.4.2, build_type: ament_cmake}
  nav2_behaviors: {version: 1.4.2, build_type: ament_cmake}
  nav2_bt_navigator: {version: 1.4.2, build_type: ament_cmake}
  nav2_collision_monitor: {version: 1.4.2, build_type: ament_cmake}
  nav2_common: {version: 1.4.2, build_type: ament_cmake}
  nav2_constrained_smoother: {version: 1.4.2, build_type: ament_cmake}
  nav2_controller: {version: 1.4.2, build_type: ament_cmake}
  nav2_core: {version: 1.4.2, build_type: ament_cmake}
  nav2_costmap_2d: {version: 1.4.2, build_type: ament_cmake}
  nav2_dwb_controller: {version: 1.4.2, build_type: ament_cmake}
  nav2_graceful_controller: {version: 1.4.2, build_type: ament_cmake}
  nav2_lifecycle_manager: {version: 1.4.2, build_type: ament_cmake}
  nav2_mppi_controller: {version: 1.4.2, build_type: ament_cmake}
  nav2_msgs: {version: 1.4.2, build_type: ament_cmake}
  nav2_navfn_planner: {version: 1.4.2, build_type: ament_cmake}
  nav2_planner: {version: 1.4.2, build_type: ament_cmake}
  nav2_regulated_pure_pursuit_controller: {version: 1.4.2, build_type: ament_cmake}
  nav2_rotation_shim_controller: {version: 1.4.2, build_type: ament_cmake}
  nav2_route: {version: 1.4.2, build_type: ament_cmake}
  nav2_rviz_plugins: {version: 1.4.2, build_type: ament_cmake}
  nav2_simple_commander: {version: 1.4.2, build_type: ament_python}
  nav2_smac_planner: {version: 1.4.2, build_type: ament_cmake}
  nav2_smoother: {version: 1.4.2, build_type: ament_cmake}
  nav2_theta_star_planner: {version: 1.4.2, build_type: ament_cmake}
  nav2_util: {version: 1.4.2, build_type: ament_cmake}
  nav2_velocity_smoother: {version: 1.4.2, build_type: ament_cmake}
  nav2_voxel_grid: {version: 1.4.2, build_type: ament_cmake}
  nav2_waypoint_follower: {version: 1.4.2, build_type: ament_cmake}
  nav_2d_msgs: {version: 1.4.2, build_type: ament_cmake}
  nav_2d_utils: {version: 1.4.2, build_type: ament_cmake}
  nav_msgs: {version: 5.5.2, build_type: ament_cmake}
  navigation2: {version: 1.4.2, build_type: ament_cmake}
  ompl: {version: 1.7.0, build_type: cmake}
  opennav_docking: {version: 1.4.2, build_type: ament_cmake}
  opennav_docking_bt: {version: 1.4.2, build_type: ament_cmake}
  opennav_docking_core: {version: 1.4.2, build_type: ament_cmake}
  orocos_kdl_vendor: {version: 0.7.1, build_type: ament_cmake}
  osrf_pycommon: {version: 2.1.6, build_type: ament_python}
  pcl_conversions: {version: 2.8.0, build_type: ament_cmake}
  pcl_msgs: {version: 1.0.0, build_type: ament_cmake}
  pcl_ros: {version: 2.8.0, build_type: ament_cmake}
  pendulum_control: {version: 0.36.5, build_type: ament_cmake}
  pendulum_msgs: {version: 0.36.5, build_type: ament_cmake}
  perception: {version: 0.12.0, build_type: ament_cmake}
  perception_pcl: {version: 2.8.0, build_type: ament_cmake}
  pluginlib: {version: 5.6.3, build_type: ament_cmake}
  point_cloud_transport: {version: 5.1.7, build_type: ament_cmake}
  pybind11_vendor: {version: 3.2.0, build_type: ament_cmake}
  python_cmake_module: {version: 0.12.0, build_type: ament_cmake}
  python_orocos_kdl_vendor: {version: 0.7.1, build_type: ament_cmake}
  quality_of_service_demo_cpp: {version: 0.36.5, build_type: ament_cmake}
  quality_of_service_demo_py: {version: 0.36.5, build_type: ament_python}
  rcl: {version: 10.1.4, build_type: ament_cmake}
  rcl_action: {version: 10.1.4, build_type: ament_cmake}
  rcl_interfaces: {version: 2.3.2, build_type: ament_cmake}
  rcl_lifecycle: {version: 10.1.4, build_type: ament_cmake}
  rcl_logging_interface: {version: 3.2.4, build_type: ament_cmake}
  rcl_logging_spdlog: {version: 3.2.4, build_type: ament_cmake}
  rcl_yaml_param_parser: {version: 10.1.4, build_type: ament_cmake}
  rclcpp: {version: 29.5.8, build_type: ament_cmake}
  rclcpp_action: {version: 29.5.8, build_type: ament_cmake}
  rclcpp_components: {version: 29.5.8, build_type: ament_cmake}
  rclcpp_lifecycle: {version: 29.5.8, build_type: ament_cmake}
  rclpy: {version: 9.1.5, build_type: ament_cmake}
  rcpputils: {version: 2.13.5, build_type: ament_cmake}
  rcutils: {version: 6.9.10, build_type: ament_cmake}
  resource_retriever: {version: 3.7.1, build_type: ament_cmake}
  rmw: {version: 7.8.2, build_type: ament_cmake}
  rmw_dds_common: {version: 5.0.0, build_type: ament_cmake}
  rmw_fastrtps_cpp: {version: 9.3.4, build_type: ament_cmake}
  rmw_fastrtps_dynamic_cpp: {version: 9.3.4, build_type: ament_cmake}
  rmw_fastrtps_shared_cpp: {version: 9.3.4, build_type: ament_cmake}
  rmw_implementation: {version: 3.0.7, build_type: ament_cmake}
  rmw_implementation_cmake: {version: 7.8.2, build_type: ament_cmake}
  rmw_security_common: {version: 7.8.2, build_type: ament_cmake}
  robot_localization: {version: 3.9.4, build_type: ament_cmake}
  robot_state_publisher: {version: 3.4.3, build_type: ament_cmake}
  ros2action: {version: 0.38.3, build_type: ament_python}
  ros2bag: {version: 0.32.0, build_type: ament_python}
  ros2cli: {version: 0.38.3, build_type: ament_python}
  ros2cli_common_extensions: {version: 0.4.1, build_type: ament_cmake}
  ros2component: {version: 0.38.3, build_type: ament_python}
  ros2doctor: {version: 0.38.3, build_type: ament_python}
  ros2interface: {version: 0.38.3, build_type: ament_python}
  ros2launch: {version: 0.28.5, build_type: ament_python}
  ros2lifecycle: {version: 0.38.3, build_type: ament_python}
  ros2multicast: {version: 0.38.3, build_type: ament_python}
  ros2node: {version: 0.38.3, build_type: ament_python}
  ros2param: {version: 0.38.3, build_type: ament_python}
  ros2pkg: {version: 0.38.3, build_type: ament_python}
  ros2plugin: {version: 5.6.3, build_type: ament_python}
  ros2run: {version: 0.38.3, build_type: ament_python}
  ros2service: {version: 0.38.3, build_type: ament_python}
  ros2topic: {version: 0.38.3, build_type: ament_python}
  ros_base: {version: 0.12.0, build_type: ament_cmake}
  ros_core: {version: 0.12.0, build_type: ament_cmake}
  ros_environment: {version: 4.3.1, build_type: ament_cmake}
  rosbag2: {version: 0.32.0, build_type: ament_cmake}
  rosbag2_compression: {version: 0.32.0, build_type: ament_cmake}
  rosbag2_compression_zstd: {version: 0.32.0, build_type: ament_cmake}
  rosbag2_cpp: {version: 0.32.0, build_type: ament_cmake}
  rosbag2_interfaces: {version: 0.32.0, build_type: ament_cmake}
  rosbag2_py: {version: 0.32.0, build_type: ament_cmake}
  rosbag2_storage: {version: 0.32.0, build_type: ament_cmake}
  rosbag2_storage_default_plugins: {version: 0.32.0, build_type: ament_cmake}
  rosbag2_storage_mcap: {version: 0.32.0, build_type: ament_cmake}
  rosbag2_storage_sqlite3: {version: 0.32.0, build_type: ament_cmake}
  rosbag2_transport: {version: 0.32.0, build_type: ament_cmake}
  rosgraph_msgs: {version: 2.3.2, build_type: ament_cmake}
  rosidl_adapter: {version: 4.9.6, build_type: ament_cmake}
  rosidl_cli: {version: 4.9.6, build_type: ament_python}
  rosidl_cmake: {version: 4.9.6, build_type: ament_cmake}
  rosidl_core_generators: {version: 0.3.2, build_type: ament_cmake}
  rosidl_core_runtime: {version: 0.3.2, build_type: ament_cmake}
  rosidl_default_generators: {version: 1.7.2, build_type: ament_cmake}
  rosidl_default_runtime: {version: 1.7.2, build_type: ament_cmake}
  rosidl_dynamic_typesupport: {version: 0.3.1, build_type: ament_cmake}
  rosidl_dynamic_typesupport_fastrtps: {version: 0.4.2, build_type: ament_cmake}
  rosidl_generator_c: {version: 4.9.6, build_type: ament_cmake}
  rosidl_generator_cpp: {version: 4.9.6, build_type: ament_cmake}
  rosidl_generator_py: {version: 0.24.2, build_type: ament_cmake}
  rosidl_generator_type_description: {version: 4.9.6, build_type: ament_cmake}
  rosidl_parser: {version: 4.9.6, build_type: ament_cmake}
  rosidl_pycommon: {version: 4.9.6, build_type: ament_python}
  rosidl_runtime_c: {version: 4.9.6, build_type: ament_cmake}
  rosidl_runtime_cpp: {version: 4.9.6, build_type: ament_cmake}
  rosidl_runtime_py: {version: 0.14.2, build_type: ament_python}
  rosidl_typesupport_c: {version: 3.3.3, build_type: ament_cmake}
  rosidl_typesupport_cpp: {version: 3.3.3, build_type: ament_cmake}
  rosidl_typesupport_fastrtps_c: {version: 3.8.2, build_type: ament_cmake}
  rosidl_typesupport_fastrtps_cpp: {version: 3.8.2, build_type: ament_cmake}
  rosidl_typesupport_interface: {version: 4.9.6, build_type: ament_cmake}
  rosidl_typesupport_introspection_c: {version: 4.9.6, build_type: ament_cmake}
  rosidl_typesupport_introspection_cpp: {version: 4.9.6, build_type: ament_cmake}
  rpyutils: {version: 0.6.3, build_type: ament_python}
  rttest: {version: 0.18.3, build_type: ament_cmake}
  rviz2: {version: 15.0.13, build_type: ament_cmake}
  rviz_assimp_vendor: {version: 15.0.13, build_type: ament_cmake}
  rviz_common: {version: 15.0.13, build_type: ament_cmake}
  rviz_default_plugins: {version: 15.0.13, build_type: ament_cmake}
  rviz_ogre_vendor: {version: 15.0.13, build_type: ament_cmake}
  rviz_rendering: {version: 15.0.13, build_type: ament_cmake}
  rviz_resource_interfaces: {version: 15.0.13, build_type: ament_cmake}
  sdl2_vendor: {version: 3.3.0, build_type: ament_cmake}
  sensor_msgs: {version: 5.5.2, build_type: ament_cmake}
  sensor_msgs_py: {version: 5.5.2, build_type: ament_python}
  service_msgs: {version: 2.3.2, build_type: ament_cmake}
  shape_msgs: {version: 5.5.2, build_type: ament_cmake}
  smclib: {version: 4.3.0, build_type: ament_cmake}
  spdlog_vendor: {version: 1.7.0, build_type: ament_cmake}
  sqlite3_vendor: {version: 0.32.0, build_type: ament_cmake}
  statistics_msgs: {version: 2.3.2, build_type: ament_cmake}
  std_msgs: {version: 5.5.2, build_type: ament_cmake}
  std_srvs: {version: 5.5.2, build_type: ament_cmake}
  stereo_image_proc: {version: 6.0.12, build_type: ament_cmake}
  stereo_msgs: {version: 5.5.2, build_type: ament_cmake}
  teleop_twist_joy: {version: 2.6.5, build_type: ament_cmake}
  teleop_twist_keyboard: {version: 2.4.1, build_type: ament_python}
  tf2: {version: 0.41.7, build_type: ament_cmake}
  tf2_bullet: {version: 0.41.7, build_type: ament_cmake}
  tf2_eigen: {version: 0.41.7, build_type: ament_cmake}
  tf2_eigen_kdl: {version: 0.41.7, build_type: ament_cmake}
  tf2_geometry_msgs: {version: 0.41.7, build_type: ament_cmake}
  tf2_kdl: {version: 0.41.7, build_type: ament_cmake}
  tf2_msgs: {version: 0.41.7, build_type: ament_cmake}
  tf2_py: {version: 0.41.7, build_type: ament_cmake}
  tf2_ros: {version: 0.41.7, build_type: ament_cmake}
  tf2_ros_py: {version: 0.41.7, build_type: ament_python}
  tf2_sensor_msgs: {version: 0.41.7, build_type: ament_cmake}
  tf2_tools: {version: 0.41.7, build_type: ament_python}
  theora_image_transport: {version: 5.1.2, build_type: ament_cmake}
  tinyxml2_vendor: {version: 0.10.1, build_type: ament_cmake}
  tlsf: {version: 0.10.1, build_type: ament_cmake}
  tlsf_cpp: {version: 0.18.3, build_type: ament_cmake}
  topic_monitor: {version: 0.36.5, build_type: ament_python}
  tracetools: {version: 8.6.0, build_type: ament_cmake}
  tracetools_image_pipeline: {version: 6.0.12, build_type: ament_cmake}
  trajectory_msgs: {version: 5.5.2, build_type: ament_cmake}
  turtlesim: {version: 1.9.4, build_type: ament_cmake}
  turtlesim_msgs: {version: 1.9.4, build_type: ament_cmake}
  type_description_interfaces: {version: 2.3.2, build_type: ament_cmake}
  unique_identifier_msgs: {version: 2.7.0, build_type: ament_cmake}
  urdf: {version: 2.12.3, build_type: ament_cmake}
  urdf_parser_plugin: {version: 2.12.3, build_type: ament_cmake}
  urdfdom: {version: 5.0.0, build_type: cmake}
  urdfdom_headers: {version: 1.1.2, build_type: cmake}
  vision_opencv: {version: 4.1.0, build_type: ament_cmake}
  visualization_msgs: {version: 5.5.2, build_type: ament_cmake}
  yaml_cpp_vendor: {version: 9.1.0, build_type: ament_cmake}
  zstd_image_transport: {version: 5.1.2, build_type: ament_cmake}
  zstd_vendor: {version: 0.32.0, build_type: ament_cmake}

# PyPI distributions wrapped as Conan packages, so the build does not reach the
# network for them and their version is pinned like everything else.
pip_packages:
  argcomplete: {version: 3.6.2, build_type: pip}
  catkin_pkg: {version: 1.1.0, build_type: pip}
  deprecated: {version: 1.2.15, build_type: pip}
  empy: {version: 3.3.4, build_type: pip}
  importlib_metadata: {version: 8.5.0, build_type: pip}
  lark: {version: 1.2.2, build_type: pip}
  numpy: {version: 2.3.2, build_type: pip}
  packaging: {version: 24.2, build_type: pip}
  psutil: {version: 6.1.1, build_type: pip}
  pytest: {version: 8.3.4, build_type: pip}
  pyyaml: {version: 6.0.2, build_type: pip}
  rosdistro: {version: 1.0.1, build_type: pip}
  setuptools: {version: 75.8.0, build_type: pip}
  typing_extensions: {version: 4.12.2, build_type: pip}
  vcstool: {version: 0.3.0, build_type: pip}

# Hand-written recipes from extra/, not rosdistro.
extra_packages:
  orocos_kdl: {version: 1.5.1, build_type: extra}
  python_orocos_kdl: {version: 1.5.1, build_type: extra}
